
Microsoft Visual Studio Solution File, Format Version 12.00
# Visual Studio Version 17
VisualStudioVersion = 17.12.35323.107
MinimumVisualStudioVersion = 10.0.40219.1
Project("{FAE04EC0-301F-11D3-BF4B-00C04F79EFBC}") = "DataMiner", "DataMiner.csproj", "{B10264EA-2DF9-4184-A9A0-1224CC60C070}"
EndProject
Global
	GlobalSection(SolutionConfigurationPlatforms) = preSolution
		Debug|x64 = Debug|x64
		Release|x64 = Release|x64
	EndGlobalSection
	GlobalSection(ProjectConfigurationPlatforms) = postSolution
		{B10264EA-2DF9-4184-A9A0-1224CC60C070}.Debug|x64.ActiveCfg = Debug|x64
		{B10264EA-2DF9-4184-A9A0-1224CC60C070}.Debug|x64.Build.0 = Debug|x64
		{B10264EA-2DF9-4184-A9A0-1224CC60C070}.Release|x64.ActiveCfg = Release|x64
		{B10264EA-2DF9-4184-A9A0-1224CC60C070}.Release|x64.Build.0 = Release|x64
	EndGlobalSection
	GlobalSection(SolutionProperties) = preSolution
		HideSolutionNode = FALSE
	EndGlobalSection
	GlobalSection(ExtensibilityGlobals) = postSolution
		SolutionGuid = {D6F70473-20ED-4715-AC22-7FFBD6327552}
	EndGlobalSection
EndGlobal
